<?xml version="1.0" encoding="UTF-8"?>
<CONFIG>
  <ProjectOptions>
    <Version Value="12"/>
    <General>
      <SessionStorage Value="InProjectDir"/>
      <Title Value="MT complex demo"/>
      <Scaled Value="True"/>
      <ResourceType Value="res"/>
      <UseXPManifest Value="True"/>
      <XPManifest>
        <DpiAware Value="True"/>
      </XPManifest>
      <Icon Value="0"/>
    </General>
    <VersionInfo>
      <UseVersionInfo Value="True"/>
      <MinorVersionNr Value="1"/>
      <RevisionNr Value="1"/>
      <BuildNr Value="2"/>
    </VersionInfo>
    <BuildModes>
      <Item Name="Default" Default="True"/>
    </BuildModes>
    <PublishOptions>
      <Version Value="2"/>
      <UseFileFilters Value="True"/>
    </PublishOptions>
    <RunParams>
      <FormatVersion Value="2"/>
    </RunParams>
    <RequiredPackages>
      <Item>
        <PackageName Value="SynEdit"/>
      </Item>
      <Item>
        <PackageName Value="LazControls"/>
      </Item>
      <Item>
        <PackageName Value="FCL"/>
      </Item>
      <Item>
        <PackageName Value="rxnew"/>
      </Item>
      <Item>
        <PackageName Value="scancode_mt"/>
      </Item>
      <Item>
        <PackageName Value="LCL"/>
      </Item>
    </RequiredPackages>
    <Units>
      <Unit>
        <Filename Value="mt_complex_demo.lpr"/>
        <IsPartOfProject Value="True"/>
      </Unit>
      <Unit>
        <Filename Value="mtmainunit.pas"/>
        <IsPartOfProject Value="True"/>
        <ComponentName Value="mtMainForm"/>
        <HasResources Value="True"/>
        <ResourceBaseClass Value="Form"/>
        <UnitName Value="mtMainUnit"/>
      </Unit>
      <Unit>
        <Filename Value="frames/frmusersandrightunit.pas"/>
        <IsPartOfProject Value="True"/>
        <ComponentName Value="frmUsersAndRightFrame"/>
        <HasResources Value="True"/>
        <ResourceBaseClass Value="Frame"/>
        <UnitName Value="frmUsersAndRightUnit"/>
      </Unit>
      <Unit>
        <Filename Value="scglobal.pas"/>
        <IsPartOfProject Value="True"/>
        <UnitName Value="scGlobal"/>
      </Unit>
      <Unit>
        <Filename Value="frames/frmstocksunit.pas"/>
        <IsPartOfProject Value="True"/>
        <ComponentName Value="frmStocksFrame"/>
        <HasResources Value="True"/>
        <ResourceBaseClass Value="Frame"/>
        <UnitName Value="frmStocksUnit"/>
      </Unit>
      <Unit>
        <Filename Value="frames/frmdocumentsunit.pas"/>
        <IsPartOfProject Value="True"/>
        <ComponentName Value="frmDocumentsFrame"/>
        <HasResources Value="True"/>
        <ResourceBaseClass Value="Frame"/>
        <UnitName Value="frmDocumentsUnit"/>
      </Unit>
      <Unit>
        <Filename Value="frames/frmcharacteristicunit.pas"/>
        <IsPartOfProject Value="True"/>
        <ComponentName Value="frmCharacteristicFrame"/>
        <HasResources Value="True"/>
        <ResourceBaseClass Value="Frame"/>
        <UnitName Value="frmCharacteristicUnit"/>
      </Unit>
      <Unit>
        <Filename Value="frames/frmtsdorderunit.pas"/>
        <IsPartOfProject Value="True"/>
        <ComponentName Value="frmTSDOrderFrame"/>
        <HasResources Value="True"/>
        <ResourceBaseClass Value="Frame"/>
        <UnitName Value="frmTSDOrderUnit"/>
      </Unit>
      <Unit>
        <Filename Value="frames/frmprotocol1cunit.pas"/>
        <IsPartOfProject Value="True"/>
        <ComponentName Value="frmProtocol1CFrame"/>
        <HasResources Value="True"/>
        <ResourceBaseClass Value="Frame"/>
        <UnitName Value="frmProtocol1CUnit"/>
      </Unit>
      <Unit>
        <Filename Value="frames/frmerrormessageunit.pas"/>
        <IsPartOfProject Value="True"/>
        <ComponentName Value="frmErrorMessageFrame"/>
        <ResourceBaseClass Value="Frame"/>
        <UnitName Value="frmErrorMessageUnit"/>
      </Unit>
    </Units>
  </ProjectOptions>
  <CompilerOptions>
    <Version Value="11"/>
    <Target>
      <Filename Value="mt_complex_demo"/>
    </Target>
    <SearchPaths>
      <IncludeFiles Value="$(ProjOutDir)"/>
      <OtherUnitFiles Value="frames"/>
      <UnitOutputDirectory Value="lib/$(TargetCPU)-$(TargetOS)"/>
    </SearchPaths>
    <Linking>
      <Debugging>
        <DebugInfoType Value="dsDwarf3"/>
      </Debugging>
      <Options>
        <Win32>
          <GraphicApplication Value="True"/>
        </Win32>
      </Options>
    </Linking>
  </CompilerOptions>
  <Debugging>
    <Exceptions>
      <Item>
        <Name Value="EAbort"/>
      </Item>
      <Item>
        <Name Value="ECodetoolError"/>
      </Item>
      <Item>
        <Name Value="EFOpenError"/>
      </Item>
    </Exceptions>
  </Debugging>
</CONFIG>
